
Microsoft Visual Studio Solution File, Format Version 12.00
# Visual Studio Version 16
VisualStudioVersion = 16.0.29311.281
MinimumVisualStudioVersion = 10.0.40219.1
Project("{FAE04EC0-301F-11D3-BF4B-00C04F79EFBC}") = "Ejercicio_I", "Ejercicio_I\Ejercicio_I.csproj", "{753404A4-D9EE-4050-8D83-D77445839885}"
EndProject
Project("{FAE04EC0-301F-11D3-BF4B-00C04F79EFBC}") = "Ejercicio_II", "Ejercicio_II\Ejercicio_II.csproj", "{A59A29DD-C475-4EAB-9D71-A43CC1CEC810}"
EndProject
Project("{FAE04EC0-301F-11D3-BF4B-00C04F79EFBC}") = "Ejercicio_III", "Ejercicio_III\Ejercicio_III.csproj", "{E0B59C3F-854D-4B21-9DCF-A7C7E314C239}"
EndProject
Project("{FAE04EC0-301F-11D3-BF4B-00C04F79EFBC}") = "Ejercicio_IV", "Ejercicio_IV\Ejercicio_IV.csproj", "{F9E79B0D-9732-4A85-8CB8-D4E1FE9D417B}"
EndProject
Global
	GlobalSection(SolutionConfigurationPlatforms) = preSolution
		Debug|Any CPU = Debug|Any CPU
		Release|Any CPU = Release|Any CPU
	EndGlobalSection
	GlobalSection(ProjectConfigurationPlatforms) = postSolution
		{753404A4-D9EE-4050-8D83-D77445839885}.Debug|Any CPU.ActiveCfg = Debug|Any CPU
		{753404A4-D9EE-4050-8D83-D77445839885}.Debug|Any CPU.Build.0 = Debug|Any CPU
		{753404A4-D9EE-4050-8D83-D77445839885}.Release|Any CPU.ActiveCfg = Release|Any CPU
		{753404A4-D9EE-4050-8D83-D77445839885}.Release|Any CPU.Build.0 = Release|Any CPU
		{A59A29DD-C475-4EAB-9D71-A43CC1CEC810}.Debug|Any CPU.ActiveCfg = Debug|Any CPU
		{A59A29DD-C475-4EAB-9D71-A43CC1CEC810}.Debug|Any CPU.Build.0 = Debug|Any CPU
		{A59A29DD-C475-4EAB-9D71-A43CC1CEC810}.Release|Any CPU.ActiveCfg = Release|Any CPU
		{A59A29DD-C475-4EAB-9D71-A43CC1CEC810}.Release|Any CPU.Build.0 = Release|Any CPU
		{E0B59C3F-854D-4B21-9DCF-A7C7E314C239}.Debug|Any CPU.ActiveCfg = Debug|Any CPU
		{E0B59C3F-854D-4B21-9DCF-A7C7E314C239}.Debug|Any CPU.Build.0 = Debug|Any CPU
		{E0B59C3F-854D-4B21-9DCF-A7C7E314C239}.Release|Any CPU.ActiveCfg = Release|Any CPU
		{E0B59C3F-854D-4B21-9DCF-A7C7E314C239}.Release|Any CPU.Build.0 = Release|Any CPU
		{F9E79B0D-9732-4A85-8CB8-D4E1FE9D417B}.Debug|Any CPU.ActiveCfg = Debug|Any CPU
		{F9E79B0D-9732-4A85-8CB8-D4E1FE9D417B}.Debug|Any CPU.Build.0 = Debug|Any CPU
		{F9E79B0D-9732-4A85-8CB8-D4E1FE9D417B}.Release|Any CPU.ActiveCfg = Release|Any CPU
		{F9E79B0D-9732-4A85-8CB8-D4E1FE9D417B}.Release|Any CPU.Build.0 = Release|Any CPU
	EndGlobalSection
	GlobalSection(SolutionProperties) = preSolution
		HideSolutionNode = FALSE
	EndGlobalSection
	GlobalSection(ExtensibilityGlobals) = postSolution
		SolutionGuid = {DD1BBB96-F855-4F5E-B9A7-650C3ABCF87A}
	EndGlobalSection
EndGlobal
